// !$*UTF8*$!
{
	archiveVersion = 1;
	classes = {
	};
	objectVersion = 77;
	objects = {

/* Begin PBXBuildFile section */
		9984E4E92CCA55B800CBF107 /* Realtime in Frameworks */ = {isa = PBXBuildFile; productRef = 9984E4E82CCA55B800CBF107 /* Realtime */; };
		9984E4EB2CCA55B800CBF107 /* Supabase in Frameworks */ = {isa = PBXBuildFile; productRef = 9984E4EA2CCA55B800CBF107 /* Supabase */; };
		99FE3C822CCCB0C400AD4727 /* WidgetKit.framework in Frameworks */ = {isa = PBXBuildFile; fileRef = 99FE3C812CCCB0C400AD4727 /* WidgetKit.framework */; };
		99FE3C842CCCB0C400AD4727 /* SwiftUI.framework in Frameworks */ = {isa = PBXBuildFile; fileRef = 99FE3C832CCCB0C400AD4727 /* SwiftUI.framework */; };
		99FE3C952CCCB0C600AD4727 /* locationSharingExtension.appex in Embed Foundation Extensions */ = {isa = PBXBuildFile; fileRef = 99FE3C7F2CCCB0C400AD4727 /* locationSharingExtension.appex */; settings = {ATTRIBUTES = (RemoveHeadersOnCopy, ); }; };
/* End PBXBuildFile section */

/* Begin PBXContainerItemProxy section */
		99FE3C932CCCB0C600AD4727 /* PBXContainerItemProxy */ = {
			isa = PBXContainerItemProxy;
			containerPortal = 9984E4B52CCA54EA00CBF107 /* Project object */;
			proxyType = 1;
			remoteGlobalIDString = 99FE3C7E2CCCB0C400AD4727;
			remoteInfo = locationSharingExtension;
		};
/* End PBXContainerItemProxy section */

/* Begin PBXCopyFilesBuildPhase section */
		99FE3C9A2CCCB0C600AD4727 /* Embed Foundation Extensions */ = {
			isa = PBXCopyFilesBuildPhase;
			buildActionMask = 2147483647;
			dstPath = "";
			dstSubfolderSpec = 13;
			files = (
				99FE3C952CCCB0C600AD4727 /* locationSharingExtension.appex in Embed Foundation Extensions */,
			);
			name = "Embed Foundation Extensions";
			runOnlyForDeploymentPostprocessing = 0;
		};
/* End PBXCopyFilesBuildPhase section */

/* Begin PBXFileReference section */
		9984E4BD2CCA54EA00CBF107 /* lyf-funetwork.app */ = {isa = PBXFileReference; explicitFileType = wrapper.application; includeInIndex = 0; path = "lyf-funetwork.app"; sourceTree = BUILT_PRODUCTS_DIR; };
		99FE3C7F2CCCB0C400AD4727 /* locationSharingExtension.appex */ = {isa = PBXFileReference; explicitFileType = "wrapper.app-extension"; includeInIndex = 0; path = locationSharingExtension.appex; sourceTree = BUILT_PRODUCTS_DIR; };
		99FE3C812CCCB0C400AD4727 /* WidgetKit.framework */ = {isa = PBXFileReference; lastKnownFileType = wrapper.framework; name = WidgetKit.framework; path = System/Library/Frameworks/WidgetKit.framework; sourceTree = SDKROOT; };
		99FE3C832CCCB0C400AD4727 /* SwiftUI.framework */ = {isa = PBXFileReference; lastKnownFileType = wrapper.framework; name = SwiftUI.framework; path = System/Library/Frameworks/SwiftUI.framework; sourceTree = SDKROOT; };
/* End PBXFileReference section */

/* Begin PBXFileSystemSynchronizedBuildFileExceptionSet section */
		99FE3C772CCCADB000AD4727 /* Exceptions for "lyf-funetwork" folder in "lyf-funetwork" target */ = {
			isa = PBXFileSystemSynchronizedBuildFileExceptionSet;
			membershipExceptions = (
				Info.plist,
			);
			target = 9984E4BC2CCA54EA00CBF107 /* lyf-funetwork */;
		};
		99FE3C992CCCB0C600AD4727 /* Exceptions for "locationSharing" folder in "locationSharingExtension" target */ = {
			isa = PBXFileSystemSynchronizedBuildFileExceptionSet;
			membershipExceptions = (
				Info.plist,
			);
			target = 99FE3C7E2CCCB0C400AD4727 /* locationSharingExtension */;
		};
		99FE3CA02CCCB1EC00AD4727 /* Exceptions for "lyf-funetwork" folder in "locationSharingExtension" target */ = {
			isa = PBXFileSystemSynchronizedBuildFileExceptionSet;
			membershipExceptions = (
				Models/UserLocation.swift,
				UseCases/Beacon/BeaconConfigs.swift,
				UseCases/Beacon/BeaconDetection.swift,
			);
			target = 99FE3C7E2CCCB0C400AD4727 /* locationSharingExtension */;
		};
		99FE3CAD2CCCB41000AD4727 /* Exceptions for "locationSharing" folder in "lyf-funetwork" target */ = {
			isa = PBXFileSystemSynchronizedBuildFileExceptionSet;
			membershipExceptions = (
				"Extensions/BeaconDetection+Activity.swift",
				LocationActivity/LocationAttributes.swift,
			);
			target = 9984E4BC2CCA54EA00CBF107 /* lyf-funetwork */;
		};
/* End PBXFileSystemSynchronizedBuildFileExceptionSet section */

/* Begin PBXFileSystemSynchronizedRootGroup section */
		9984E4BF2CCA54EA00CBF107 /* lyf-funetwork */ = {
			isa = PBXFileSystemSynchronizedRootGroup;
			exceptions = (
				99FE3C772CCCADB000AD4727 /* Exceptions for "lyf-funetwork" folder in "lyf-funetwork" target */,
				99FE3CA02CCCB1EC00AD4727 /* Exceptions for "lyf-funetwork" folder in "locationSharingExtension" target */,
			);
			path = "lyf-funetwork";
			sourceTree = "<group>";
		};
		99FE3C852CCCB0C400AD4727 /* locationSharing */ = {
			isa = PBXFileSystemSynchronizedRootGroup;
			exceptions = (
				99FE3CAD2CCCB41000AD4727 /* Exceptions for "locationSharing" folder in "lyf-funetwork" target */,
				99FE3C992CCCB0C600AD4727 /* Exceptions for "locationSharing" folder in "locationSharingExtension" target */,
			);
			path = locationSharing;
			sourceTree = "<group>";
		};
/* End PBXFileSystemSynchronizedRootGroup section */

/* Begin PBXFrameworksBuildPhase section */
		9984E4BA2CCA54EA00CBF107 /* Frameworks */ = {
			isa = PBXFrameworksBuildPhase;
			buildActionMask = 2147483647;
			files = (
				9984E4EB2CCA55B800CBF107 /* Supabase in Frameworks */,
				9984E4E92CCA55B800CBF107 /* Realtime in Frameworks */,
			);
			runOnlyForDeploymentPostprocessing = 0;
		};
		99FE3C7C2CCCB0C400AD4727 /* Frameworks */ = {
			isa = PBXFrameworksBuildPhase;
			buildActionMask = 2147483647;
			files = (
				99FE3C842CCCB0C400AD4727 /* SwiftUI.framework in Frameworks */,
				99FE3C822CCCB0C400AD4727 /* WidgetKit.framework in Frameworks */,
			);
			runOnlyForDeploymentPostprocessing = 0;
		};
/* End PBXFrameworksBuildPhase section */

/* Begin PBXGroup section */
		9984E4B42CCA54EA00CBF107 = {
			isa = PBXGroup;
			children = (
				9984E4BF2CCA54EA00CBF107 /* lyf-funetwork */,
				99FE3C852CCCB0C400AD4727 /* locationSharing */,
				99FE3C802CCCB0C400AD4727 /* Frameworks */,
				9984E4BE2CCA54EA00CBF107 /* Products */,
			);
			sourceTree = "<group>";
		};
		9984E4BE2CCA54EA00CBF107 /* Products */ = {
			isa = PBXGroup;
			children = (
				9984E4BD2CCA54EA00CBF107 /* lyf-funetwork.app */,
				99FE3C7F2CCCB0C400AD4727 /* locationSharingExtension.appex */,
			);
			name = Products;
			sourceTree = "<group>";
		};
		99FE3C802CCCB0C400AD4727 /* Frameworks */ = {
			isa = PBXGroup;
			children = (
				99FE3C812CCCB0C400AD4727 /* WidgetKit.framework */,
				99FE3C832CCCB0C400AD4727 /* SwiftUI.framework */,
			);
			name = Frameworks;
			sourceTree = "<group>";
		};
/* End PBXGroup section */

/* Begin PBXNativeTarget section */
		9984E4BC2CCA54EA00CBF107 /* lyf-funetwork */ = {
			isa = PBXNativeTarget;
			buildConfigurationList = 9984E4CB2CCA54EC00CBF107 /* Build configuration list for PBXNativeTarget "lyf-funetwork" */;
			buildPhases = (
				9984E4B92CCA54EA00CBF107 /* Sources */,
				9984E4BA2CCA54EA00CBF107 /* Frameworks */,
				9984E4BB2CCA54EA00CBF107 /* Resources */,
				99FE3C9A2CCCB0C600AD4727 /* Embed Foundation Extensions */,
			);
			buildRules = (
			);
			dependencies = (
				99FE3C942CCCB0C600AD4727 /* PBXTargetDependency */,
			);
			fileSystemSynchronizedGroups = (
				9984E4BF2CCA54EA00CBF107 /* lyf-funetwork */,
			);
			name = "lyf-funetwork";
			packageProductDependencies = (
				9984E4E82CCA55B800CBF107 /* Realtime */,
				9984E4EA2CCA55B800CBF107 /* Supabase */,
			);
			productName = "lyf-funetwork";
			productReference = 9984E4BD2CCA54EA00CBF107 /* lyf-funetwork.app */;
			productType = "com.apple.product-type.application";
		};
		99FE3C7E2CCCB0C400AD4727 /* locationSharingExtension */ = {
			isa = PBXNativeTarget;
			buildConfigurationList = 99FE3C962CCCB0C600AD4727 /* Build configuration list for PBXNativeTarget "locationSharingExtension" */;
			buildPhases = (
				99FE3C7B2CCCB0C400AD4727 /* Sources */,
				99FE3C7C2CCCB0C400AD4727 /* Frameworks */,
				99FE3C7D2CCCB0C400AD4727 /* Resources */,
			);
			buildRules = (
			);
			dependencies = (
			);
			fileSystemSynchronizedGroups = (
				99FE3C852CCCB0C400AD4727 /* locationSharing */,
			);
			name = locationSharingExtension;
			packageProductDependencies = (
			);
			productName = locationSharingExtension;
			productReference = 99FE3C7F2CCCB0C400AD4727 /* locationSharingExtension.appex */;
			productType = "com.apple.product-type.app-extension";
		};
/* End PBXNativeTarget section */

/* Begin PBXProject section */
		9984E4B52CCA54EA00CBF107 /* Project object */ = {
			isa = PBXProject;
			attributes = {
				BuildIndependentTargetsInParallel = 1;
				LastSwiftUpdateCheck = 1600;
				LastUpgradeCheck = 1600;
				TargetAttributes = {
					9984E4BC2CCA54EA00CBF107 = {
						CreatedOnToolsVersion = 16.0;
					};
					99FE3C7E2CCCB0C400AD4727 = {
						CreatedOnToolsVersion = 16.0;
					};
				};
			};
			buildConfigurationList = 9984E4B82CCA54EA00CBF107 /* Build configuration list for PBXProject "lyf-funetwork" */;
			developmentRegion = en;
			hasScannedForEncodings = 0;
			knownRegions = (
				en,
				Base,
			);
			mainGroup = 9984E4B42CCA54EA00CBF107;
			minimizedProjectReferenceProxies = 1;
			packageReferences = (
				9984E4E72CCA55B800CBF107 /* XCRemoteSwiftPackageReference "supabase-swift" */,
			);
			preferredProjectObjectVersion = 77;
			productRefGroup = 9984E4BE2CCA54EA00CBF107 /* Products */;
			projectDirPath = "";
			projectRoot = "";
			targets = (
				9984E4BC2CCA54EA00CBF107 /* lyf-funetwork */,
				99FE3C7E2CCCB0C400AD4727 /* locationSharingExtension */,
			);
		};
/* End PBXProject section */

/* Begin PBXResourcesBuildPhase section */
		9984E4BB2CCA54EA00CBF107 /* Resources */ = {
			isa = PBXResourcesBuildPhase;
			buildActionMask = 2147483647;
			files = (
			);
			runOnlyForDeploymentPostprocessing = 0;
		};
		99FE3C7D2CCCB0C400AD4727 /* Resources */ = {
			isa = PBXResourcesBuildPhase;
			buildActionMask = 2147483647;
			files = (
			);
			runOnlyForDeploymentPostprocessing = 0;
		};
/* End PBXResourcesBuildPhase section */

/* Begin PBXSourcesBuildPhase section */
		9984E4B92CCA54EA00CBF107 /* Sources */ = {
			isa = PBXSourcesBuildPhase;
			buildActionMask = 2147483647;
			files = (
			);
			runOnlyForDeploymentPostprocessing = 0;
		};
		99FE3C7B2CCCB0C400AD4727 /* Sources */ = {
			isa = PBXSourcesBuildPhase;
			buildActionMask = 2147483647;
			files = (
			);
			runOnlyForDeploymentPostprocessing = 0;
		};
/* End PBXSourcesBuildPhase section */

/* Begin PBXTargetDependency section */
		99FE3C942CCCB0C600AD4727 /* PBXTargetDependency */ = {
			isa = PBXTargetDependency;
			target = 99FE3C7E2CCCB0C400AD4727 /* locationSharingExtension */;
			targetProxy = 99FE3C932CCCB0C600AD4727 /* PBXContainerItemProxy */;
		};
/* End PBXTargetDependency section */

/* Begin XCBuildConfiguration section */
		9984E4C92CCA54EC00CBF107 /* Debug */ = {
			isa = XCBuildConfiguration;
			buildSettings = {
				ALWAYS_SEARCH_USER_PATHS = NO;
				ASSETCATALOG_COMPILER_GENERATE_SWIFT_ASSET_SYMBOL_EXTENSIONS = YES;
				CLANG_ANALYZER_NONNULL = YES;
				CLANG_ANALYZER_NUMBER_OBJECT_CONVERSION = YES_AGGRESSIVE;
				CLANG_CXX_LANGUAGE_STANDARD = "gnu++20";
				CLANG_ENABLE_MODULES = YES;
				CLANG_ENABLE_OBJC_ARC = YES;
				CLANG_ENABLE_OBJC_WEAK = YES;
				CLANG_WARN_BLOCK_CAPTURE_AUTORELEASING = YES;
				CLANG_WARN_BOOL_CONVERSION = YES;
				CLANG_WARN_COMMA = YES;
				CLANG_WARN_CONSTANT_CONVERSION = YES;
				CLANG_WARN_DEPRECATED_OBJC_IMPLEMENTATIONS = YES;
				CLANG_WARN_DIRECT_OBJC_ISA_USAGE = YES_ERROR;
				CLANG_WARN_DOCUMENTATION_COMMENTS = YES;
				CLANG_WARN_EMPTY_BODY = YES;
				CLANG_WARN_ENUM_CONVERSION = YES;
				CLANG_WARN_INFINITE_RECURSION = YES;
				CLANG_WARN_INT_CONVERSION = YES;
				CLANG_WARN_NON_LITERAL_NULL_CONVERSION = YES;
				CLANG_WARN_OBJC_IMPLICIT_RETAIN_SELF = YES;
				CLANG_WARN_OBJC_LITERAL_CONVERSION = YES;
				CLANG_WARN_OBJC_ROOT_CLASS = YES_ERROR;
				CLANG_WARN_QUOTED_INCLUDE_IN_FRAMEWORK_HEADER = YES;
				CLANG_WARN_RANGE_LOOP_ANALYSIS = YES;
				CLANG_WARN_STRICT_PROTOTYPES = YES;
				CLANG_WARN_SUSPICIOUS_MOVE = YES;
				CLANG_WARN_UNGUARDED_AVAILABILITY = YES_AGGRESSIVE;
				CLANG_WARN_UNREACHABLE_CODE = YES;
				CLANG_WARN__DUPLICATE_METHOD_MATCH = YES;
				COPY_PHASE_STRIP = NO;
				DEBUG_INFORMATION_FORMAT = dwarf;
				ENABLE_STRICT_OBJC_MSGSEND = YES;
				ENABLE_TESTABILITY = YES;
				ENABLE_USER_SCRIPT_SANDBOXING = YES;
				GCC_C_LANGUAGE_STANDARD = gnu17;
				GCC_DYNAMIC_NO_PIC = NO;
				GCC_NO_COMMON_BLOCKS = YES;
				GCC_OPTIMIZATION_LEVEL = 0;
				GCC_PREPROCESSOR_DEFINITIONS = (
					"DEBUG=1",
					"$(inherited)",
				);
				GCC_WARN_64_TO_32_BIT_CONVERSION = YES;
				GCC_WARN_ABOUT_RETURN_TYPE = YES_ERROR;
				GCC_WARN_UNDECLARED_SELECTOR = YES;
				GCC_WARN_UNINITIALIZED_AUTOS = YES_AGGRESSIVE;
				GCC_WARN_UNUSED_FUNCTION = YES;
				GCC_WARN_UNUSED_VARIABLE = YES;
				IPHONEOS_DEPLOYMENT_TARGET = 18.0;
				LOCALIZATION_PREFERS_STRING_CATALOGS = YES;
				MTL_ENABLE_DEBUG_INFO = INCLUDE_SOURCE;
				MTL_FAST_MATH = YES;
				ONLY_ACTIVE_ARCH = YES;
				SDKROOT = iphoneos;
				SWIFT_ACTIVE_COMPILATION_CONDITIONS = "DEBUG $(inherited)";
				SWIFT_OPTIMIZATION_LEVEL = "-Onone";
			};
			name = Debug;
		};
		9984E4CA2CCA54EC00CBF107 /* Release */ = {
			isa = XCBuildConfiguration;
			buildSettings = {
				ALWAYS_SEARCH_USER_PATHS = NO;
				ASSETCATALOG_COMPILER_GENERATE_SWIFT_ASSET_SYMBOL_EXTENSIONS = YES;
				CLANG_ANALYZER_NONNULL = YES;
				CLANG_ANALYZER_NUMBER_OBJECT_CONVERSION = YES_AGGRESSIVE;
				CLANG_CXX_LANGUAGE_STANDARD = "gnu++20";
				CLANG_ENABLE_MODULES = YES;
				CLANG_ENABLE_OBJC_ARC = YES;
				CLANG_ENABLE_OBJC_WEAK = YES;
				CLANG_WARN_BLOCK_CAPTURE_AUTORELEASING = YES;
				CLANG_WARN_BOOL_CONVERSION = YES;
				CLANG_WARN_COMMA = YES;
				CLANG_WARN_CONSTANT_CONVERSION = YES;
				CLANG_WARN_DEPRECATED_OBJC_IMPLEMENTATIONS = YES;
				CLANG_WARN_DIRECT_OBJC_ISA_USAGE = YES_ERROR;
				CLANG_WARN_DOCUMENTATION_COMMENTS = YES;
				CLANG_WARN_EMPTY_BODY = YES;
				CLANG_WARN_ENUM_CONVERSION = YES;
				CLANG_WARN_INFINITE_RECURSION = YES;
				CLANG_WARN_INT_CONVERSION = YES;
				CLANG_WARN_NON_LITERAL_NULL_CONVERSION = YES;
				CLANG_WARN_OBJC_IMPLICIT_RETAIN_SELF = YES;
				CLANG_WARN_OBJC_LITERAL_CONVERSION = YES;
				CLANG_WARN_OBJC_ROOT_CLASS = YES_ERROR;
				CLANG_WARN_QUOTED_INCLUDE_IN_FRAMEWORK_HEADER = YES;
				CLANG_WARN_RANGE_LOOP_ANALYSIS = YES;
				CLANG_WARN_STRICT_PROTOTYPES = YES;
				CLANG_WARN_SUSPICIOUS_MOVE = YES;
				CLANG_WARN_UNGUARDED_AVAILABILITY = YES_AGGRESSIVE;
				CLANG_WARN_UNREACHABLE_CODE = YES;
				CLANG_WARN__DUPLICATE_METHOD_MATCH = YES;
				COPY_PHASE_STRIP = NO;
				DEBUG_INFORMATION_FORMAT = "dwarf-with-dsym";
				ENABLE_NS_ASSERTIONS = NO;
				ENABLE_STRICT_OBJC_MSGSEND = YES;
				ENABLE_USER_SCRIPT_SANDBOXING = YES;
				GCC_C_LANGUAGE_STANDARD = gnu17;
				GCC_NO_COMMON_BLOCKS = YES;
				GCC_WARN_64_TO_32_BIT_CONVERSION = YES;
				GCC_WARN_ABOUT_RETURN_TYPE = YES_ERROR;
				GCC_WARN_UNDECLARED_SELECTOR = YES;
				GCC_WARN_UNINITIALIZED_AUTOS = YES_AGGRESSIVE;
				GCC_WARN_UNUSED_FUNCTION = YES;
				GCC_WARN_UNUSED_VARIABLE = YES;
				IPHONEOS_DEPLOYMENT_TARGET = 18.0;
				LOCALIZATION_PREFERS_STRING_CATALOGS = YES;
				MTL_ENABLE_DEBUG_INFO = NO;
				MTL_FAST_MATH = YES;
				SDKROOT = iphoneos;
				SWIFT_COMPILATION_MODE = wholemodule;
				VALIDATE_PRODUCT = YES;
			};
			name = Release;
		};
		9984E4CC2CCA54EC00CBF107 /* Debug */ = {
			isa = XCBuildConfiguration;
			buildSettings = {
				ASSETCATALOG_COMPILER_APPICON_NAME = AppIcon;
				ASSETCATALOG_COMPILER_GLOBAL_ACCENT_COLOR_NAME = AccentColor;
				CODE_SIGN_STYLE = Automatic;
				CURRENT_PROJECT_VERSION = 1;
				DEVELOPMENT_ASSET_PATHS = "\"lyf-funetwork/Preview Content\"";
				DEVELOPMENT_TEAM = 5V847CY3JM;
				ENABLE_PREVIEWS = YES;
				GENERATE_INFOPLIST_FILE = YES;
				INFOPLIST_FILE = "lyf-funetwork/Info.plist";
				INFOPLIST_KEY_LSApplicationCategoryType = "";
				INFOPLIST_KEY_NSLocationAlwaysAndWhenInUseUsageDescription = Test;
				INFOPLIST_KEY_NSLocationWhenInUseUsageDescription = Test;
				INFOPLIST_KEY_UIApplicationSceneManifest_Generation = YES;
				INFOPLIST_KEY_UIApplicationSupportsIndirectInputEvents = YES;
				INFOPLIST_KEY_UILaunchScreen_Generation = YES;
				INFOPLIST_KEY_UISupportedInterfaceOrientations_iPad = "UIInterfaceOrientationPortrait UIInterfaceOrientationPortraitUpsideDown UIInterfaceOrientationLandscapeLeft UIInterfaceOrientationLandscapeRight";
				INFOPLIST_KEY_UISupportedInterfaceOrientations_iPhone = "UIInterfaceOrientationPortrait UIInterfaceOrientationLandscapeLeft UIInterfaceOrientationLandscapeRight";
				INFOPLIST_KEY_UIUserInterfaceStyle = Light;
				LD_RUNPATH_SEARCH_PATHS = (
					"$(inherited)",
					"@executable_path/Frameworks",
				);
				MARKETING_VERSION = 1.0;
				PRODUCT_BUNDLE_IDENTIFIER = "com.fortuneav.lyf-funetwork";
				PRODUCT_NAME = "$(TARGET_NAME)";
				SWIFT_EMIT_LOC_STRINGS = YES;
				SWIFT_VERSION = 5.0;
				TARGETED_DEVICE_FAMILY = "1,2";
			};
			name = Debug;
		};
		9984E4CD2CCA54EC00CBF107 /* Release */ = {
			isa = XCBuildConfiguration;
			buildSettings = {
				ASSETCATALOG_COMPILER_APPICON_NAME = AppIcon;
				ASSETCATALOG_COMPILER_GLOBAL_ACCENT_COLOR_NAME = AccentColor;
				CODE_SIGN_STYLE = Automatic;
				CURRENT_PROJECT_VERSION = 1;
				DEVELOPMENT_ASSET_PATHS = "\"lyf-funetwork/Preview Content\"";
				DEVELOPMENT_TEAM = 5V847CY3JM;
				ENABLE_PREVIEWS = YES;
				GENERATE_INFOPLIST_FILE = YES;
				INFOPLIST_FILE = "lyf-funetwork/Info.plist";
				INFOPLIST_KEY_LSApplicationCategoryType = "";
				INFOPLIST_KEY_NSLocationAlwaysAndWhenInUseUsageDescription = Test;
				INFOPLIST_KEY_NSLocationWhenInUseUsageDescription = Test;
				INFOPLIST_KEY_UIApplicationSceneManifest_Generation = YES;
				INFOPLIST_KEY_UIApplicationSupportsIndirectInputEvents = YES;
				INFOPLIST_KEY_UILaunchScreen_Generation = YES;
				INFOPLIST_KEY_UISupportedInterfaceOrientations_iPad = "UIInterfaceOrientationPortrait UIInterfaceOrientationPortraitUpsideDown UIInterfaceOrientationLandscapeLeft UIInterfaceOrientationLandscapeRight";
				INFOPLIST_KEY_UISupportedInterfaceOrientations_iPhone = "UIInterfaceOrientationPortrait UIInterfaceOrientationLandscapeLeft UIInterfaceOrientationLandscapeRight";
				INFOPLIST_KEY_UIUserInterfaceStyle = Light;
				LD_RUNPATH_SEARCH_PATHS = (
					"$(inherited)",
					"@executable_path/Frameworks",
				);
				MARKETING_VERSION = 1.0;
				PRODUCT_BUNDLE_IDENTIFIER = "com.fortuneav.lyf-funetwork";
				PRODUCT_NAME = "$(TARGET_NAME)";
				SWIFT_EMIT_LOC_STRINGS = YES;
				SWIFT_VERSION = 5.0;
				TARGETED_DEVICE_FAMILY = "1,2";
			};
			name = Release;
		};
		99FE3C972CCCB0C600AD4727 /* Debug */ = {
			isa = XCBuildConfiguration;
			buildSettings = {
				ASSETCATALOG_COMPILER_GLOBAL_ACCENT_COLOR_NAME = AccentColor;
				ASSETCATALOG_COMPILER_WIDGET_BACKGROUND_COLOR_NAME = WidgetBackground;
				CODE_SIGN_STYLE = Automatic;
				CURRENT_PROJECT_VERSION = 1;
				DEVELOPMENT_TEAM = 5V847CY3JM;
				GENERATE_INFOPLIST_FILE = YES;
				INFOPLIST_FILE = locationSharing/Info.plist;
				INFOPLIST_KEY_CFBundleDisplayName = locationSharing;
				INFOPLIST_KEY_NSHumanReadableCopyright = "";
				LD_RUNPATH_SEARCH_PATHS = (
					"$(inherited)",
					"@executable_path/Frameworks",
					"@executable_path/../../Frameworks",
				);
				MARKETING_VERSION = 1.0;
				PRODUCT_BUNDLE_IDENTIFIER = "com.fortuneav.lyf-funetwork.locationSharing";
				PRODUCT_NAME = "$(TARGET_NAME)";
				SKIP_INSTALL = YES;
				SWIFT_EMIT_LOC_STRINGS = YES;
				SWIFT_VERSION = 5.0;
				TARGETED_DEVICE_FAMILY = "1,2";
			};
			name = Debug;
		};
		99FE3C982CCCB0C600AD4727 /* Release */ = {
			isa = XCBuildConfiguration;
			buildSettings = {
				ASSETCATALOG_COMPILER_GLOBAL_ACCENT_COLOR_NAME = AccentColor;
				ASSETCATALOG_COMPILER_WIDGET_BACKGROUND_COLOR_NAME = WidgetBackground;
				CODE_SIGN_STYLE = Automatic;
				CURRENT_PROJECT_VERSION = 1;
				DEVELOPMENT_TEAM = 5V847CY3JM;
				GENERATE_INFOPLIST_FILE = YES;
				INFOPLIST_FILE = locationSharing/Info.plist;
				INFOPLIST_KEY_CFBundleDisplayName = locationSharing;
				INFOPLIST_KEY_NSHumanReadableCopyright = "";
				LD_RUNPATH_SEARCH_PATHS = (
					"$(inherited)",
					"@executable_path/Frameworks",
					"@executable_path/../../Frameworks",
				);
				MARKETING_VERSION = 1.0;
				PRODUCT_BUNDLE_IDENTIFIER = "com.fortuneav.lyf-funetwork.locationSharing";
				PRODUCT_NAME = "$(TARGET_NAME)";
				SKIP_INSTALL = YES;
				SWIFT_EMIT_LOC_STRINGS = YES;
				SWIFT_VERSION = 5.0;
				TARGETED_DEVICE_FAMILY = "1,2";
			};
			name = Release;
		};
/* End XCBuildConfiguration section */

/* Begin XCConfigurationList section */
		9984E4B82CCA54EA00CBF107 /* Build configuration list for PBXProject "lyf-funetwork" */ = {
			isa = XCConfigurationList;
			buildConfigurations = (
				9984E4C92CCA54EC00CBF107 /* Debug */,
				9984E4CA2CCA54EC00CBF107 /* Release */,
			);
			defaultConfigurationIsVisible = 0;
			defaultConfigurationName = Release;
		};
		9984E4CB2CCA54EC00CBF107 /* Build configuration list for PBXNativeTarget "lyf-funetwork" */ = {
			isa = XCConfigurationList;
			buildConfigurations = (
				9984E4CC2CCA54EC00CBF107 /* Debug */,
				9984E4CD2CCA54EC00CBF107 /* Release */,
			);
			defaultConfigurationIsVisible = 0;
			defaultConfigurationName = Release;
		};
		99FE3C962CCCB0C600AD4727 /* Build configuration list for PBXNativeTarget "locationSharingExtension" */ = {
			isa = XCConfigurationList;
			buildConfigurations = (
				99FE3C972CCCB0C600AD4727 /* Debug */,
				99FE3C982CCCB0C600AD4727 /* Release */,
			);
			defaultConfigurationIsVisible = 0;
			defaultConfigurationName = Release;
		};
/* End XCConfigurationList section */

/* Begin XCRemoteSwiftPackageReference section */
		9984E4E72CCA55B800CBF107 /* XCRemoteSwiftPackageReference "supabase-swift" */ = {
			isa = XCRemoteSwiftPackageReference;
			repositoryURL = "https://github.com/supabase-community/supabase-swift.git";
			requirement = {
				kind = upToNextMajorVersion;
				minimumVersion = 2.5.1;
			};
		};
/* End XCRemoteSwiftPackageReference section */

/* Begin XCSwiftPackageProductDependency section */
		9984E4E82CCA55B800CBF107 /* Realtime */ = {
			isa = XCSwiftPackageProductDependency;
			package = 9984E4E72CCA55B800CBF107 /* XCRemoteSwiftPackageReference "supabase-swift" */;
			productName = Realtime;
		};
		9984E4EA2CCA55B800CBF107 /* Supabase */ = {
			isa = XCSwiftPackageProductDependency;
			package = 9984E4E72CCA55B800CBF107 /* XCRemoteSwiftPackageReference "supabase-swift" */;
			productName = Supabase;
		};
/* End XCSwiftPackageProductDependency section */
	};
	rootObject = 9984E4B52CCA54EA00CBF107 /* Project object */;
}
